
Microsoft Visual Studio Solution File, Format Version 12.00
# Visual Studio Version 16
VisualStudioVersion = 25.0.1704.0
MinimumVisualStudioVersion = 10.0.40219.1
Project("{FAE04EC0-301F-11D3-BF4B-00C04F79EFBC}") = "RedditAPI", "RedditAPI.csproj", "{3CB34FD3-A5DF-4DA5-AA73-8106F3B7A5EE}"
EndProject
Global
	GlobalSection(SolutionConfigurationPlatforms) = preSolution
		Debug|Any CPU = Debug|Any CPU
		Release|Any CPU = Release|Any CPU
	EndGlobalSection
	GlobalSection(ProjectConfigurationPlatforms) = postSolution
		{3CB34FD3-A5DF-4DA5-AA73-8106F3B7A5EE}.Debug|Any CPU.ActiveCfg = Debug|Any CPU
		{3CB34FD3-A5DF-4DA5-AA73-8106F3B7A5EE}.Debug|Any CPU.Build.0 = Debug|Any CPU
		{3CB34FD3-A5DF-4DA5-AA73-8106F3B7A5EE}.Release|Any CPU.ActiveCfg = Release|Any CPU
		{3CB34FD3-A5DF-4DA5-AA73-8106F3B7A5EE}.Release|Any CPU.Build.0 = Release|Any CPU
	EndGlobalSection
	GlobalSection(SolutionProperties) = preSolution
		HideSolutionNode = FALSE
	EndGlobalSection
	GlobalSection(ExtensibilityGlobals) = postSolution
		SolutionGuid = {D1092E79-C726-47DC-8DB7-E58DBEAEC2C4}
	EndGlobalSection
EndGlobal
